version = 1
revision = 3
requires-python = ">=3.13"

[[package]]
name = "anyio"
version = "4.6.2.post1"
source = { registry = "https://pypi.org/simple" }
dependencies = [
    { name = "idna" },
    { name = "sniffio" },
]
sdist = { url = "https://files.pythonhosted.org/packages/9f/09/45b9b7a6d4e45c6bcb5bf61d19e3ab87df68e0601fa8c5293de3542546cc/anyio-4.6.2.post1.tar.gz", hash = "sha256:4c8bc31ccdb51c7f7bd251f51c609e038d63e34219b44aa86e47576389880b4c", size = 173422, upload-time = "2024-10-14T14:31:44.021Z" }
wheels = [
    { url = "https://files.pythonhosted.org/packages/e4/f5/f2b75d2fc6f1a260f340f0e7c6a060f4dd2961cc16884ed851b0d18da06a/anyio-4.6.2.post1-py3-none-any.whl", hash = "sha256:6d170c36fba3bdd840c73d3868c1e777e33676a69c3a72cf0a0d5d6d8009b61d", size = 90377, upload-time = "2024-10-14T14:31:42.623Z" },
]

[[package]]
name = "certifi"
version = "2024.8.30"
source = { registry = "https://pypi.org/simple" }
sdist = { url = "https://files.pythonhosted.org/packages/b0/ee/9b19140fe824b367c04c5e1b369942dd754c4c5462d5674002f75c4dedc1/certifi-2024.8.30.tar.gz", hash = "sha256:bec941d2aa8195e248a60b31ff9f0558284cf01a52591ceda73ea9afffd69fd9", size = 168507, upload-time = "2024-08-30T01:55:04.365Z" }
wheels = [
    { url = "https://files.pythonhosted.org/packages/12/90/3c9ff0512038035f59d279fddeb79f5f1eccd8859f06d6163c58798b9487/certifi-2024.8.30-py3-none-any.whl", hash = "sha256:922820b53db7a7257ffbda3f597266d435245903d80737e34f8a45ff3e3230d8", size = 167321, upload-time = "2024-08-30T01:55:02.591Z" },
]

[[package]]
name = "h11"
version = "0.16.0"
source = { registry = "https://pypi.org/simple" }
sdist = { url = "https://files.pythonhosted.org/packages/01/ee/02a2c011bdab74c6fb3c75474d40b3052059d95df7e73351460c8588d963/h11-0.16.0.tar.gz", hash = "sha256:4e35b956cf45792e4caa5885e69fba00bdbc6ffafbfa020300e549b208ee5ff1", size = 101250, upload-time = "2025-04-24T03:35:25.427Z" }
wheels = [
    { url = "https://files.pythonhosted.org/packages/04/4b/29cac41a4d98d144bf5f6d33995617b185d14b22401f75ca86f384e87ff1/h11-0.16.0-py3-none-any.whl", hash = "sha256:63cf8bbe7522de3bf65932fda1d9c2772064ffb3dae62d55932da54b31cb6c86", size = 37515, upload-time = "2025-04-24T03:35:24.344Z" },
]

[[package]]
name = "httpcore"
version = "1.0.9"
source = { registry = "https://pypi.org/simple" }
dependencies = [
    { name = "certifi" },
    { name = "h11" },
]
sdist = { url = "https://files.pythonhosted.org/packages/06/94/82699a10bca87a5556c9c59b5963f2d039dbd239f25bc2a63907a05a14cb/httpcore-1.0.9.tar.gz", hash = "sha256:6e34463af53fd2ab5d807f399a9b45ea31c3dfa2276f15a2c3f00afff6e176e8", size = 85484, upload-time = "2025-04-24T22:06:22.219Z" }
wheels = [
    { url = "https://files.pythonhosted.org/packages/7e/f5/f66802a942d491edb555dd61e3a9961140fd64c90bce1eafd741609d334d/httpcore-1.0.9-py3-none-any.whl", hash = "sha256:2d400746a40668fc9dec9810239072b40b4484b640a8c38fd654a024c7a1bf55", size = 78784, upload-time = "2025-04-24T22:06:20.566Z" },
]

[[package]]
name = "httpx"
version = "0.28.1"
source = { registry = "https://pypi.org/simple" }
dependencies = [
    { name = "anyio" },
    { name = "certifi" },
    { name = "httpcore" },
    { name = "idna" },
]
sdist = { url = "https://files.pythonhosted.org/packages/b1/df/48c586a5fe32a0f01324ee087459e112ebb7224f646c0b5023f5e79e9956/httpx-0.28.1.tar.gz", hash = "sha256:75e98c5f16b0f35b567856f597f06ff2270a374470a5c2392242528e3e3e42fc", size = 141406, upload-time = "2024-12-06T15:37:23.222Z" }
wheels = [
    { url = "https://files.pythonhosted.org/packages/2a/39/e50c7c3a983047577ee07d2a9e53faf5a69493943ec3f6a384bdc792deb2/httpx-0.28.1-py3-none-any.whl", hash = "sha256:d909fcccc110f8c7faf814ca82a9a4d816bc5a6dbfea25d6591d6985b8ba59ad", size = 73517, upload-time = "2024-12-06T15:37:21.509Z" },
]

[[package]]
name = "httpx-retries"
version = "0.4.6"
source = { registry = "https://pypi.org/simple" }
dependencies = [
    { name = "httpx" },
]
sdist = { url = "https://files.pythonhosted.org/packages/a4/13/5eac2df576c02280f79e4639a6d4c93a25cfe94458275f5aa55f5e6c8ea0/httpx_retries-0.4.6.tar.gz", hash = "sha256:a076d8a5ede5d5794e9c241da17b15b393b482129ddd2fdf1fa56a3fa1f28a7f", size = 13466, upload-time = "2026-02-17T16:16:05.995Z" }
wheels = [
    { url = "https://files.pythonhosted.org/packages/f2/97/63f56da4400034adde22adfe7524635dba068f17d6858f92ecd96f55b53e/httpx_retries-0.4.6-py3-none-any.whl", hash = "sha256:d66d912173b844e065ffb109345a453b922f4c2cd9c9e11139304cb33e7a1ee1", size = 8490, upload-time = "2026-02-17T16:16:04.137Z" },
]

[[package]]
name = "idna"
version = "3.10"
source = { registry = "https://pypi.org/simple" }
sdist = { url = "https://files.pythonhosted.org/packages/f1/70/7703c29685631f5a7590aa73f1f1d3fa9a380e654b86af429e0934a32f7d/idna-3.10.tar.gz", hash = "sha256:12f65c9b470abda6dc35cf8e63cc574b1c52b11df2c86030af0ac09b01b13ea9", size = 190490, upload-time = "2024-09-15T18:07:39.745Z" }
wheels = [
    { url = "https://files.pythonhosted.org/packages/76/c6/c88e154df9c4e1a2a66ccf0005a88dfb2650c1dffb6f5ce603dfbd452ce3/idna-3.10-py3-none-any.whl", hash = "sha256:946d195a0d259cbba61165e88e65941f16e9b36ea6ddb97f00452bae8b1287d3", size = 70442, upload-time = "2024-09-15T18:07:37.964Z" },
]

[[package]]
name = "lxml"
version = "6.0.4"
source = { registry = "https://pypi.org/simple" }
sdist = { url = "https://files.pythonhosted.org/packages/ce/08/1217ca4043f55c3c92993b283a7dbfa456a2058d8b57bbb416cc96b6efff/lxml-6.0.4.tar.gz", hash = "sha256:4137516be2a90775f99d8ef80ec0283f8d78b5d8bd4630ff20163b72e7e9abf2", size = 4237780, upload-time = "2026-04-12T16:28:24.182Z" }
wheels = [
    { url = "https://files.pythonhosted.org/packages/78/f6/550a1ed9afde66e24bfcf9892446ea9779152df336062c6df0f7733151a2/lxml-6.0.4-cp313-cp313-macosx_10_13_universal2.whl", hash = "sha256:ecc3d55ed756ee6c3447748862a97e1f5392d2c5d7f474bace9382345e4fc274", size = 8559522, upload-time = "2026-04-12T16:24:51.563Z" },
    { url = "https://files.pythonhosted.org/packages/11/93/3f687c14d2b4d24b60fe13fd5482c8853f82a10bb87f2b577123e342ed1a/lxml-6.0.4-cp313-cp313-macosx_10_13_x86_64.whl", hash = "sha256:a7d5a627a368a0e861350ccc567a70ec675d2bc4d8b3b54f48995ae78d8d530e", size = 4617380, upload-time = "2026-04-12T16:24:54.042Z" },
    { url = "https://files.pythonhosted.org/packages/b5/ed/91e443366063d3fb7640ae2badd5d7b65be4095ac6d849788e39c043baae/lxml-6.0.4-cp313-cp313-manylinux2014_aarch64.manylinux_2_17_aarch64.whl", hash = "sha256:d385141b186cc39ebe4863c1e41936282c65df19b2d06a701dedc2a898877d6a", size = 4922791, upload-time = "2026-04-12T16:24:56.381Z" },
    { url = "https://files.pythonhosted.org/packages/30/4b/2243260b70974aca9ba0cc71bd668c0c3a79644d80ddcabbfbdb4b131848/lxml-6.0.4-cp313-cp313-manylinux2014_x86_64.manylinux_2_17_x86_64.whl", hash = "sha256:0132bb040e9bb5a199302e12bf942741defbc52922a2a06ce9ff7be0d0046483", size = 5080972, upload-time = "2026-04-12T16:24:58.823Z" },
    { url = "https://files.pythonhosted.org/packages/f8/c3/54c53c4f772341bc12331557f8b0882a426f53133926306cbe6d7f0ee7e4/lxml-6.0.4-cp313-cp313-manylinux_2_26_aarch64.manylinux_2_28_aarch64.whl", hash = "sha256:26aee5321e4aa1f07c9090a35f6ab8b703903fb415c6c823cfdb20ee0d779855", size = 4992236, upload-time = "2026-04-12T16:25:01.099Z" },
    { url = "https://files.pythonhosted.org/packages/be/0f/416de42e22f287585abee610eb0d1c2638c9fe24cee7e15136e0b5e138f8/lxml-6.0.4-cp313-cp313-manylinux_2_26_ppc64le.manylinux_2_28_ppc64le.whl", hash = "sha256:b5652455de198ff76e02cfa57d5efc5f834fa45521aaf3fcc13d6b5a88bde23d", size = 5612398, upload-time = "2026-04-12T16:25:03.517Z" },
    { url = "https://files.pythonhosted.org/packages/7d/63/29a3fa79b8a182f5bd5b5bdcb6f625f49f08f41d60a26ca25482820a1b99/lxml-6.0.4-cp313-cp313-manylinux_2_26_x86_64.manylinux_2_28_x86_64.whl", hash = "sha256:75842801fb48aea73f4c281b923a010dfb39bad75edf8ceb2198ec30c27f01cc", size = 5227480, upload-time = "2026-04-12T16:25:06.119Z" },
    { url = "https://files.pythonhosted.org/packages/7c/4a/44d1843de599b1c6dbe578e4248c2f15e7fac90c5c86eb26775eaeac0fe0/lxml-6.0.4-cp313-cp313-manylinux_2_28_i686.whl", hash = "sha256:94a1f74607a5a049ff6ff8de429fec922e643e32b5b08ec7a4fe49e8de76e17c", size = 5341001, upload-time = "2026-04-12T16:25:08.563Z" },
    { url = "https://files.pythonhosted.org/packages/0d/52/c8aebde49f169e4e3452e7756be35be1cb2903e30d961cb57aa65a27055f/lxml-6.0.4-cp313-cp313-manylinux_2_31_armv7l.whl", hash = "sha256:173cc246d3d3b6d3b6491f0b3aaf22ebdf2eed616879482acad8bd84d73eb231", size = 4699105, upload-time = "2026-04-12T16:25:10.757Z" },
    { url = "https://files.pythonhosted.org/packages/78/60/76fc3735c31c28b70220d99452fb72052e84b618693ca2524da96f0131d8/lxml-6.0.4-cp313-cp313-manylinux_2_38_riscv64.manylinux_2_39_riscv64.whl", hash = "sha256:f0f2ee1be1b72e9890da87e4e422f2f703ff4638fd5ec5383055db431e8e30e9", size = 5231095, upload-time = "2026-04-12T16:25:13.305Z" },
    { url = "https://files.pythonhosted.org/packages/e5/60/448f01c52110102f23df5f07b3f4fde57c8e13e497e182a743d125324c0b/lxml-6.0.4-cp313-cp313-musllinux_1_2_aarch64.whl", hash = "sha256:c51a274b7e8b9ce394c3f8b471eb0b23c1914eec64fdccf674e082daf72abf11", size = 5042411, upload-time = "2026-04-12T16:25:15.541Z" },
    { url = "https://files.pythonhosted.org/packages/4a/2a/90612a001fa4fa0ff0443ebb0256a542670fe35473734c559720293e7aff/lxml-6.0.4-cp313-cp313-musllinux_1_2_armv7l.whl", hash = "sha256:210ea934cba1a1ec42f88c4190c4d5c67b2d14321a8faed9b39e8378198ff99d", size = 4768431, upload-time = "2026-04-12T16:25:17.581Z" },
    { url = "https://files.pythonhosted.org/packages/84/d8/572845a7d741c8a8ffeaf928185263e14d97fbd355de164677340951d7a5/lxml-6.0.4-cp313-cp313-musllinux_1_2_ppc64le.whl", hash = "sha256:14fe654a59eebe16368c51778caeb0c8fda6f897adcd9afe828d87d13b5d5e51", size = 5634972, upload-time = "2026-04-12T16:25:20.111Z" },
    { url = "https://files.pythonhosted.org/packages/d7/1d/392b8c9f8cf1d502bbec50dee137c7af3dd5def5e5cd84572fbf0ba0541c/lxml-6.0.4-cp313-cp313-musllinux_1_2_riscv64.whl", hash = "sha256:ec160a2b7e2b3cb71ec35010b19a1adea05785d19ba5c9c5f986b64b78fef564", size = 5222909, upload-time = "2026-04-12T16:25:22.243Z" },
    { url = "https://files.pythonhosted.org/packages/21/ab/949fc96f825cf083612aee65d5a02eacc5eaeb2815561220e33e1e160677/lxml-6.0.4-cp313-cp313-musllinux_1_2_x86_64.whl", hash = "sha256:d305b86ef10b23cf3a6d62a2ad23fa296f76495183ee623f64d2600f65ffe09c", size = 5249096, upload-time = "2026-04-12T16:25:24.781Z" },
    { url = "https://files.pythonhosted.org/packages/56/e8/fbe44df79ede5ff760401cc3c49c4204f49f0f529cc6b27d0af7b63f5472/lxml-6.0.4-cp313-cp313-win32.whl", hash = "sha256:a2f31380aa9a9b52591e79f1c1d3ac907688fbeb9d883ba28be70f2eb5db2277", size = 3595808, upload-time = "2026-04-12T16:25:26.747Z" },
    { url = "https://files.pythonhosted.org/packages/f8/df/e873abb881092256520edf0d67d686e36f3c86b3cf289f01b6458272dede/lxml-6.0.4-cp313-cp313-win_amd64.whl", hash = "sha256:b8efa9f681f15043e497293d58a4a63199564b253ed2291887d92bb3f74f59ab", size = 3994635, upload-time = "2026-04-12T16:25:28.828Z" },
    { url = "https://files.pythonhosted.org/packages/23/a8/9c56c8914b9b18d89face5a7472445002baf309167f7af65d988842129fd/lxml-6.0.4-cp313-cp313-win_arm64.whl", hash = "sha256:905abe6a5888129be18f85f2aea51f0c9863fa0722fb8530dfbb687d2841d221", size = 3657374, upload-time = "2026-04-12T16:25:30.901Z" },
    { url = "https://files.pythonhosted.org/packages/10/18/36e28a809c509a67496202771f545219ac5a2f1cd61aae325991fcf5ab91/lxml-6.0.4-cp314-cp314-macosx_10_15_universal2.whl", hash = "sha256:569d3b18340863f603582d2124e742a68e85755eff5e47c26a55e298521e3a01", size = 8575045, upload-time = "2026-04-12T16:25:33.57Z" },
    { url = "https://files.pythonhosted.org/packages/11/38/a168c820e3b08d3b4fa0f4e6b53b3930086b36cc11e428106d38c36778cd/lxml-6.0.4-cp314-cp314-macosx_10_15_x86_64.whl", hash = "sha256:3b6245ee5241342d45e1a54a4a8bc52ef322333ada74f24aa335c4ab36f20161", size = 4622963, upload-time = "2026-04-12T16:25:36.818Z" },
    { url = "https://files.pythonhosted.org/packages/53/e0/2c9d6abdd82358cea3c0d8d6ca272a6af0f38156abce7827efb6d5b62d17/lxml-6.0.4-cp314-cp314-manylinux2014_aarch64.manylinux_2_17_aarch64.whl", hash = "sha256:79a1173ba3213a3693889a435417d4e9f3c07d96e30dc7cc3a712ed7361015fe", size = 4948832, upload-time = "2026-04-12T16:25:39.104Z" },
    { url = "https://files.pythonhosted.org/packages/96/d7/f2202852e91d7baf3a317f4523a9c14834145301e5b0f2e80c01c4bfbd49/lxml-6.0.4-cp314-cp314-manylinux2014_x86_64.manylinux_2_17_x86_64.whl", hash = "sha256:dc18bb975666b443ba23aedd2fcf57e9d0d97546b52a1de97a447c4061ba4110", size = 5085865, upload-time = "2026-04-12T16:25:41.226Z" },
    { url = "https://files.pythonhosted.org/packages/09/57/abee549324496e92708f71391c6060a164d3c95369656a1a15e9f20d8162/lxml-6.0.4-cp314-cp314-manylinux_2_26_aarch64.manylinux_2_28_aarch64.whl", hash = "sha256:2079f5dc83291ac190a52f8354b78648f221ecac19fb2972a2d056b555824de7", size = 5030001, upload-time = "2026-04-12T16:25:43.695Z" },
    { url = "https://files.pythonhosted.org/packages/c2/f8/432da7178c5917a16468af6c5da68fef7cf3357d4bd0e6f50272ec9a59b5/lxml-6.0.4-cp314-cp314-manylinux_2_26_ppc64le.manylinux_2_28_ppc64le.whl", hash = "sha256:3eda02da4ca16e9ca22bbe5654470c17fa1abcd967a52e4c2e50ff278221e351", size = 5646303, upload-time = "2026-04-12T16:25:46.577Z" },
    { url = "https://files.pythonhosted.org/packages/82/f9/e1c04ef667a6bf9c9dbd3bf04c50fa51d7ee25b258485bb748b27eb9a1c7/lxml-6.0.4-cp314-cp314-manylinux_2_26_x86_64.manylinux_2_28_x86_64.whl", hash = "sha256:c3787cdc3832b70e21ac2efafea2a82a8ccb5e85bec110dc68b26023e9d3caae", size = 5237940, upload-time = "2026-04-12T16:25:49.157Z" },
    { url = "https://files.pythonhosted.org/packages/d0/f0/cdea60d92df731725fc3c4f33e387b100f210acd45c92969e42d2ba993fa/lxml-6.0.4-cp314-cp314-manylinux_2_28_i686.whl", hash = "sha256:3f276d49c23103565d39440b9b3f4fc08fa22f5a96395ea4b4d4fea4458b1505", size = 5350050, upload-time = "2026-04-12T16:25:52.027Z" },
    { url = "https://files.pythonhosted.org/packages/2e/15/bf52c7a70b6081bb9e00d37cc90fcf60aa84468d9d173ad2fade38ec34c5/lxml-6.0.4-cp314-cp314-manylinux_2_31_armv7l.whl", hash = "sha256:fdfdad73736402375b11b3a137e48cd09634177516baf5fc0bd80d1ca85f3cda", size = 4696409, upload-time = "2026-04-12T16:25:55.141Z" },
    { url = "https://files.pythonhosted.org/packages/c5/69/9bade267332cc06f9a9aa773b5a11bdfb249af485df9e142993009ea1fc4/lxml-6.0.4-cp314-cp314-manylinux_2_38_riscv64.manylinux_2_39_riscv64.whl", hash = "sha256:75912421456946931daba0ec3cedfa824c756585d05bde97813a17992bfbd013", size = 5249072, upload-time = "2026-04-12T16:25:57.362Z" },
    { url = "https://files.pythonhosted.org/packages/14/ca/043bcacb096d6ed291cbbc58724e9625a453069d6edeb840b0bf18038d05/lxml-6.0.4-cp314-cp314-musllinux_1_2_aarch64.whl", hash = "sha256:48cd5a88da67233fd82f2920db344503c2818255217cd6ea462c9bb8254ba7cb", size = 5083779, upload-time = "2026-04-12T16:26:00.018Z" },
    { url = "https://files.pythonhosted.org/packages/04/89/f5fb18d76985969e84af13682e489acabee399bb54738a363925ea6e7390/lxml-6.0.4-cp314-cp314-musllinux_1_2_armv7l.whl", hash = "sha256:87af86a8fa55b9ff1e6ee4233d762296f2ce641ba948af783fb995c5a8a3371b", size = 4736953, upload-time = "2026-04-12T16:26:02.289Z" },
    { url = "https://files.pythonhosted.org/packages/84/ba/d1d7284bb4ba951f188c3fc0455943c1fcbd1c33d1324d6d57b7d4a45be6/lxml-6.0.4-cp314-cp314-musllinux_1_2_ppc64le.whl", hash = "sha256:a743714cd656ba7ccb29d199783906064c7b5ba3c0e2a79f0244ea0badc6a98c", size = 5669605, upload-time = "2026-04-12T16:26:04.694Z" },
    { url = "https://files.pythonhosted.org/packages/72/05/1463e55f2de27bb60feddc894dd7c0833bd501f8861392ed416291b38db5/lxml-6.0.4-cp314-cp314-musllinux_1_2_riscv64.whl", hash = "sha256:e31c76bd066fb4f81d9a32e5843bffdf939ab27afb1ffc1c924e749bfbdb00e3", size = 5236886, upload-time = "2026-04-12T16:26:07.659Z" },
    { url = "https://files.pythonhosted.org/packages/fe/fb/0b6ee9194ce3ac49db4cadaa8a9158f04779fc768b6c27c4e2945d71a99d/lxml-6.0.4-cp314-cp314-musllinux_1_2_x86_64.whl", hash = "sha256:f185fd6e7d550e9917d7103dccf51be589aba953e15994fb04646c1730019685", size = 5263382, upload-time = "2026-04-12T16:26:10.067Z" },
    { url = "https://files.pythonhosted.org/packages/9a/93/ec18a08e98dd82cac39f1d2511ee2bed5affb94d228356d8ef165a4ec3b9/lxml-6.0.4-cp314-cp314-win32.whl", hash = "sha256:774660028f8722a598400430d2746fb0075949f84a9a5cd9767d9152e3baaac5", size = 3656164, upload-time = "2026-04-12T16:26:59.568Z" },
    { url = "https://files.pythonhosted.org/packages/15/86/52507316abfc7150bf6bb191e39a12e301ee80334610a493884ae2f9d20d/lxml-6.0.4-cp314-cp314-win_amd64.whl", hash = "sha256:fbd7d14349413f5609c0b537b1a48117d6ccef1af37986af6b03766ad05bf43e", size = 4062512, upload-time = "2026-04-12T16:27:02.212Z" },
    { url = "https://files.pythonhosted.org/packages/f1/d5/09c593a2ef2234b8cd6cf059e2dc212e0654bf05c503f0ef2daf05adb680/lxml-6.0.4-cp314-cp314-win_arm64.whl", hash = "sha256:a61a01ec3fbfd5b73a69a7bf513271051fd6c5795d82fc5daa0255934cd8db3d", size = 3740745, upload-time = "2026-04-12T16:27:04.444Z" },
    { url = "https://files.pythonhosted.org/packages/4a/3c/42a98bf6693938bf7b285ec7f70ba2ae9d785d0e5b2cdb85d2ee29e287eb/lxml-6.0.4-cp314-cp314t-macosx_10_15_universal2.whl", hash = "sha256:504edb62df33cea502ea6e73847c647ba228623ca3f80a228be5723a70984dd5", size = 8826437, upload-time = "2026-04-12T16:26:12.911Z" },
    { url = "https://files.pythonhosted.org/packages/c2/c2/ad13f39b2db8709788aa2dcb6e90b81da76db3b5b2e7d35e0946cf984960/lxml-6.0.4-cp314-cp314t-macosx_10_15_x86_64.whl", hash = "sha256:f01b7b0316d4c0926d49a7f003b2d30539f392b140a3374bb788bad180bc8478", size = 4734892, upload-time = "2026-04-12T16:26:15.871Z" },
    { url = "https://files.pythonhosted.org/packages/2c/6d/c559d7b5922c5b0380fc2cb5ac134b6a3f9d79d368347a624ee5d68b0816/lxml-6.0.4-cp314-cp314t-manylinux2014_aarch64.manylinux_2_17_aarch64.whl", hash = "sha256:ab999933e662501efe4b16e6cfb7c9f9deca7d072cd1788b99c8defde78c0dfb", size = 4969173, upload-time = "2026-04-12T16:26:18.335Z" },
    { url = "https://files.pythonhosted.org/packages/c7/78/ca521e36157f38e3e1a29276855cdf48d213138fc0c8365693ff5c876ca7/lxml-6.0.4-cp314-cp314t-manylinux2014_x86_64.manylinux_2_17_x86_64.whl", hash = "sha256:67c3f084389fe75932c39b6869a377f6c8e21e818f31ae8a30c71dd2e59360e2", size = 5103134, upload-time = "2026-04-12T16:26:20.612Z" },
    { url = "https://files.pythonhosted.org/packages/28/a7/7d62d023bacaa0aaf60af8c0a77c6c05f84327396d755f3aa64b788678a9/lxml-6.0.4-cp314-cp314t-manylinux_2_26_aarch64.manylinux_2_28_aarch64.whl", hash = "sha256:377ea1d654f76ed6205c87d14920f829c9f4d31df83374d3cbcbdaae804d37b2", size = 5027205, upload-time = "2026-04-12T16:26:22.981Z" },
    { url = "https://files.pythonhosted.org/packages/34/be/51b194b81684f2e85e5d992771c45d70cb22ac6f7291ac6bc7b255830afe/lxml-6.0.4-cp314-cp314t-manylinux_2_26_ppc64le.manylinux_2_28_ppc64le.whl", hash = "sha256:e60cd0bcacbfd1a96d63516b622183fb2e3f202300df9eb5533391a8a939dbfa", size = 5594461, upload-time = "2026-04-12T16:26:25.316Z" },
    { url = "https://files.pythonhosted.org/packages/39/24/8850f38fbf89dd072ff31ba22f9e40347aeada7cadf710ecb04b8d9f32d4/lxml-6.0.4-cp314-cp314t-manylinux_2_26_x86_64.manylinux_2_28_x86_64.whl", hash = "sha256:6e9e30fd63d41dd0bbdb020af5cdfffd5d9b554d907cb210f18e8fcdc8eac013", size = 5223378, upload-time = "2026-04-12T16:26:28.68Z" },
    { url = "https://files.pythonhosted.org/packages/2a/9b/595239ba8c719b0fdc7bc9ebdb7564459c9a6b24b8b363df4a02674aeece/lxml-6.0.4-cp314-cp314t-manylinux_2_28_i686.whl", hash = "sha256:1fb4a1606bb68c533002e7ed50d7e55e58f0ef1696330670281cb79d5ab2050d", size = 5311415, upload-time = "2026-04-12T16:26:31.513Z" },
    { url = "https://files.pythonhosted.org/packages/be/cb/aa27ac8d041acf34691577838494ad08df78e83fdfdb66948d2903e9291e/lxml-6.0.4-cp314-cp314t-manylinux_2_31_armv7l.whl", hash = "sha256:695c7708438e449d57f404db8cc1b769e77ad5b50655f32f8175686ba752f293", size = 4637953, upload-time = "2026-04-12T16:26:33.806Z" },
    { url = "https://files.pythonhosted.org/packages/f6/f2/f19114fd86825c2d1ce41cd99daad218d30cfdd2093d4de9273986fb4d68/lxml-6.0.4-cp314-cp314t-manylinux_2_38_riscv64.manylinux_2_39_riscv64.whl", hash = "sha256:d49c35ae1e35ee9b569892cf8f8f88db9524f28d66e9daee547a5ef9f3c5f468", size = 5231532, upload-time = "2026-04-12T16:26:36.518Z" },
    { url = "https://files.pythonhosted.org/packages/9a/0e/c3fa354039ec0b6b09f40fbe1129efc572ac6239faa4906de42d5ce87c0a/lxml-6.0.4-cp314-cp314t-musllinux_1_2_aarch64.whl", hash = "sha256:5801072f8967625e6249d162065d0d6011ef8ce3d0efb8754496b5246b81a74b", size = 5083767, upload-time = "2026-04-12T16:26:39.332Z" },
    { url = "https://files.pythonhosted.org/packages/b3/4b/1a0dbb6d6ffae16e54a8a3796ded0ad2f9c3bc1ff3728bde33456f4e1d63/lxml-6.0.4-cp314-cp314t-musllinux_1_2_armv7l.whl", hash = "sha256:cbf768541526eba5ef1a49f991122e41b39781eafd0445a5a110fc09947a20b5", size = 4758079, upload-time = "2026-04-12T16:26:42.138Z" },
    { url = "https://files.pythonhosted.org/packages/a9/01/a246cf5f80f96766051de4b305d6552f80bdaefb37f04e019e42af0aba69/lxml-6.0.4-cp314-cp314t-musllinux_1_2_ppc64le.whl", hash = "sha256:eecce87cc09233786fc31c230268183bf6375126cfec1c8b3673fcdc8767b560", size = 5618686, upload-time = "2026-04-12T16:26:44.507Z" },
    { url = "https://files.pythonhosted.org/packages/eb/1f/b072a92369039ebef11b0a654be5134fcf3ed04c0f437faf9435ac9ba845/lxml-6.0.4-cp314-cp314t-musllinux_1_2_riscv64.whl", hash = "sha256:07dce892881179e11053066faca2da17b0eeb0bb7298f11bcf842a86db207dbd", size = 5227259, upload-time = "2026-04-12T16:26:47.083Z" },
    { url = "https://files.pythonhosted.org/packages/d5/a0/dc97034f9d4c0c4d30875147d81fd2c0c7f3d261b109db36ed746bf8ab1d/lxml-6.0.4-cp314-cp314t-musllinux_1_2_x86_64.whl", hash = "sha256:e4f97aee337b947e6699e5574c90d087d3e2ce517016241c07e7e98a28dca885", size = 5246190, upload-time = "2026-04-12T16:26:49.468Z" },
    { url = "https://files.pythonhosted.org/packages/f2/ef/85cb69835113583c2516fee07d0ffb4d824b557424b06ba5872c20ba6078/lxml-6.0.4-cp314-cp314t-win32.whl", hash = "sha256:064477c0d4c695aa1ea4b9c1c4ee9043ab740d12135b74c458cc658350adcd86", size = 3896005, upload-time = "2026-04-12T16:26:52.163Z" },
    { url = "https://files.pythonhosted.org/packages/3d/5e/2231f34cc54b8422b793593138d86d3fa4588fb2297d4ea0472390f25627/lxml-6.0.4-cp314-cp314t-win_amd64.whl", hash = "sha256:25bad2d8438f4ef5a7ad4a8d8bcaadde20c0daced8bdb56d46236b0a7d1cbdd0", size = 4391037, upload-time = "2026-04-12T16:26:54.398Z" },
    { url = "https://files.pythonhosted.org/packages/39/53/8ba3cd5984f8363635450c93f63e541a0721b362bb32ae0d8237d9674aee/lxml-6.0.4-cp314-cp314t-win_arm64.whl", hash = "sha256:1dcd9e6cb9b7df808ea33daebd1801f37a8f50e8c075013ed2a2343246727838", size = 3816184, upload-time = "2026-04-12T16:26:57.011Z" },
]

[[package]]
name = "ruff"
version = "0.15.9"
source = { registry = "https://pypi.org/simple" }
sdist = { url = "https://files.pythonhosted.org/packages/e6/97/e9f1ca355108ef7194e38c812ef40ba98c7208f47b13ad78d023caa583da/ruff-0.15.9.tar.gz", hash = "sha256:29cbb1255a9797903f6dde5ba0188c707907ff44a9006eb273b5a17bfa0739a2", size = 4617361, upload-time = "2026-04-02T18:17:20.829Z" }
wheels = [
    { url = "https://files.pythonhosted.org/packages/0b/1f/9cdfd0ac4b9d1e5a6cf09bedabdf0b56306ab5e333c85c87281273e7b041/ruff-0.15.9-py3-none-linux_armv6l.whl", hash = "sha256:6efbe303983441c51975c243e26dff328aca11f94b70992f35b093c2e71801e1", size = 10511206, upload-time = "2026-04-02T18:16:41.574Z" },
    { url = "https://files.pythonhosted.org/packages/3d/f6/32bfe3e9c136b35f02e489778d94384118bb80fd92c6d92e7ccd97db12ce/ruff-0.15.9-py3-none-macosx_10_12_x86_64.whl", hash = "sha256:4965bac6ac9ea86772f4e23587746f0b7a395eccabb823eb8bfacc3fa06069f7", size = 10923307, upload-time = "2026-04-02T18:17:08.645Z" },
    { url = "https://files.pythonhosted.org/packages/ca/25/de55f52ab5535d12e7aaba1de37a84be6179fb20bddcbe71ec091b4a3243/ruff-0.15.9-py3-none-macosx_11_0_arm64.whl", hash = "sha256:eaf05aad70ca5b5a0a4b0e080df3a6b699803916d88f006efd1f5b46302daab8", size = 10316722, upload-time = "2026-04-02T18:16:44.206Z" },
    { url = "https://files.pythonhosted.org/packages/48/11/690d75f3fd6278fe55fff7c9eb429c92d207e14b25d1cae4064a32677029/ruff-0.15.9-py3-none-manylinux_2_17_aarch64.manylinux2014_aarch64.whl", hash = "sha256:9439a342adb8725f32f92732e2bafb6d5246bd7a5021101166b223d312e8fc59", size = 10623674, upload-time = "2026-04-02T18:16:50.951Z" },
    { url = "https://files.pythonhosted.org/packages/bd/ec/176f6987be248fc5404199255522f57af1b4a5a1b57727e942479fec98ad/ruff-0.15.9-py3-none-manylinux_2_17_armv7l.manylinux2014_armv7l.whl", hash = "sha256:9c5e6faf9d97c8edc43877c3f406f47446fc48c40e1442d58cfcdaba2acea745", size = 10351516, upload-time = "2026-04-02T18:16:57.206Z" },
    { url = "https://files.pythonhosted.org/packages/b2/fc/51cffbd2b3f240accc380171d51446a32aa2ea43a40d4a45ada67368fbd2/ruff-0.15.9-py3-none-manylinux_2_17_i686.manylinux2014_i686.whl", hash = "sha256:7b34a9766aeec27a222373d0b055722900fbc0582b24f39661aa96f3fe6ad901", size = 11150202, upload-time = "2026-04-02T18:17:06.452Z" },
    { url = "https://files.pythonhosted.org/packages/d6/d4/25292a6dfc125f6b6528fe6af31f5e996e19bf73ca8e3ce6eb7fa5b95885/ruff-0.15.9-py3-none-manylinux_2_17_ppc64le.manylinux2014_ppc64le.whl", hash = "sha256:89dd695bc72ae76ff484ae54b7e8b0f6b50f49046e198355e44ea656e521fef9", size = 11988891, upload-time = "2026-04-02T18:17:18.575Z" },
    { url = "https://files.pythonhosted.org/packages/13/e1/1eebcb885c10e19f969dcb93d8413dfee8172578709d7ee933640f5e7147/ruff-0.15.9-py3-none-manylinux_2_17_s390x.manylinux2014_s390x.whl", hash = "sha256:ce187224ef1de1bd225bc9a152ac7102a6171107f026e81f317e4257052916d5", size = 11480576, upload-time = "2026-04-02T18:16:52.986Z" },
    { url = "https://files.pythonhosted.org/packages/ff/6b/a1548ac378a78332a4c3dcf4a134c2475a36d2a22ddfa272acd574140b50/ruff-0.15.9-py3-none-manylinux_2_17_x86_64.manylinux2014_x86_64.whl", hash = "sha256:2b0c7c341f68adb01c488c3b7d4b49aa8ea97409eae6462d860a79cf55f431b6", size = 11254525, upload-time = "2026-04-02T18:17:02.041Z" },
    { url = "https://files.pythonhosted.org/packages/42/aa/4bb3af8e61acd9b1281db2ab77e8b2c3c5e5599bf2a29d4a942f1c62b8d6/ruff-0.15.9-py3-none-manylinux_2_31_riscv64.whl", hash = "sha256:55cc15eee27dc0eebdfcb0d185a6153420efbedc15eb1d38fe5e685657b0f840", size = 11204072, upload-time = "2026-04-02T18:17:13.581Z" },
    { url = "https://files.pythonhosted.org/packages/69/48/d550dc2aa6e423ea0bcc1d0ff0699325ffe8a811e2dba156bd80750b86dc/ruff-0.15.9-py3-none-musllinux_1_2_aarch64.whl", hash = "sha256:a6537f6eed5cda688c81073d46ffdfb962a5f29ecb6f7e770b2dc920598997ed", size = 10594998, upload-time = "2026-04-02T18:16:46.369Z" },
    { url = "https://files.pythonhosted.org/packages/63/47/321167e17f5344ed5ec6b0aa2cff64efef5f9e985af8f5622cfa6536043f/ruff-0.15.9-py3-none-musllinux_1_2_armv7l.whl", hash = "sha256:6d3fcbca7388b066139c523bda744c822258ebdcfbba7d24410c3f454cc9af71", size = 10359769, upload-time = "2026-04-02T18:17:10.994Z" },
    { url = "https://files.pythonhosted.org/packages/67/5e/074f00b9785d1d2c6f8c22a21e023d0c2c1817838cfca4c8243200a1fa87/ruff-0.15.9-py3-none-musllinux_1_2_i686.whl", hash = "sha256:058d8e99e1bfe79d8a0def0b481c56059ee6716214f7e425d8e737e412d69677", size = 10850236, upload-time = "2026-04-02T18:16:48.749Z" },
    { url = "https://files.pythonhosted.org/packages/76/37/804c4135a2a2caf042925d30d5f68181bdbd4461fd0d7739da28305df593/ruff-0.15.9-py3-none-musllinux_1_2_x86_64.whl", hash = "sha256:8e1ddb11dbd61d5983fa2d7d6370ef3eb210951e443cace19594c01c72abab4c", size = 11358343, upload-time = "2026-04-02T18:16:55.068Z" },
    { url = "https://files.pythonhosted.org/packages/88/3d/1364fcde8656962782aa9ea93c92d98682b1ecec2f184e625a965ad3b4a6/ruff-0.15.9-py3-none-win32.whl", hash = "sha256:bde6ff36eaf72b700f32b7196088970bf8fdb2b917b7accd8c371bfc0fd573ec", size = 10583382, upload-time = "2026-04-02T18:17:04.261Z" },
    { url = "https://files.pythonhosted.org/packages/4c/56/5c7084299bd2cacaa07ae63a91c6f4ba66edc08bf28f356b24f6b717c799/ruff-0.15.9-py3-none-win_amd64.whl", hash = "sha256:45a70921b80e1c10cf0b734ef09421f71b5aa11d27404edc89d7e8a69505e43d", size = 11744969, upload-time = "2026-04-02T18:16:59.611Z" },
    { url = "https://files.pythonhosted.org/packages/03/36/76704c4f312257d6dbaae3c959add2a622f63fcca9d864659ce6d8d97d3d/ruff-0.15.9-py3-none-win_arm64.whl", hash = "sha256:0694e601c028fd97dc5c6ee244675bc241aeefced7ef80cd9c6935a871078f53", size = 11005870, upload-time = "2026-04-02T18:17:15.773Z" },
]

[[package]]
name = "rule-scout"
version = "0.1.0"
source = { virtual = "." }
dependencies = [
    { name = "httpx" },
    { name = "httpx-retries" },
    { name = "lxml" },
]

[package.dev-dependencies]
dev = [
    { name = "ruff" },
]

[package.metadata]
requires-dist = [
    { name = "httpx", specifier = ">=0.27.2" },
    { name = "httpx-retries", specifier = ">=0.4.5" },
    { name = "lxml", specifier = ">=6.0.4" },
]

[package.metadata.requires-dev]
dev = [{ name = "ruff", specifier = ">=0.7.3" }]

[[package]]
name = "sniffio"
version = "1.3.1"
source = { registry = "https://pypi.org/simple" }
sdist = { url = "https://files.pythonhosted.org/packages/a2/87/a6771e1546d97e7e041b6ae58d80074f81b7d5121207425c964ddf5cfdbd/sniffio-1.3.1.tar.gz", hash = "sha256:f4324edc670a0f49750a81b895f35c3adb843cca46f0530f79fc1babb23789dc", size = 20372, upload-time = "2024-02-25T23:20:04.057Z" }
wheels = [
    { url = "https://files.pythonhosted.org/packages/e9/44/75a9c9421471a6c4805dbf2356f7c181a29c1879239abab1ea2cc8f38b40/sniffio-1.3.1-py3-none-any.whl", hash = "sha256:2f6da418d1f1e0fddd844478f41680e794e6051915791a034ff65e5f100525a2", size = 10235, upload-time = "2024-02-25T23:20:01.196Z" },
]
